PODS:
  - Firebase (2.5.1)
  - MagicalRecord (2.3.2):
    - MagicalRecord/Core (= 2.3.2)
  - MagicalRecord/Core (2.3.2)
  - NiceData (0.1.0):
    - Firebase
    - FirebaseOSX
    - MagicalRecord
  - Quick (0.9.1)

DEPENDENCIES:
  - NiceData (from `../`)
  - Quick

EXTERNAL SOURCES:
  NiceData:
    :path: ../

SPEC CHECKSUMS:
  Firebase: 3565ea88b830f28f2c77ecc524622bc71a20d085
  MagicalRecord: 53bed74b4323b930992a725be713e53b37d19755
  NiceData: 0d678177de8d0b32a6d27ea8c886025aaff64457
  Quick: a5221fc21788b6aeda934805e68b061839bc3165

PODFILE CHECKSUM: 2b08b1a7119d3553116cb1f8e08534388d23f572

COCOAPODS: 1.0.0.beta.5
